// !$*UTF8*$!
{
	archiveVersion = 1;
	classes = {
	};
	objectVersion = 50;
	objects = {

/* Begin PBXBuildFile section */
		3627AFC926BDD23F00060E65 /* NewReleaseCollectionViewCell.swift in Sources */ = {isa = PBXBuildFile; fileRef = 3627AFC826BDD23F00060E65 /* NewReleaseCollectionViewCell.swift */; };
		3627AFCB26BDD28400060E65 /* FeaturedPlaylistCollectionViewCell.swift in Sources */ = {isa = PBXBuildFile; fileRef = 3627AFCA26BDD28400060E65 /* FeaturedPlaylistCollectionViewCell.swift */; };
		3627AFCD26BDD2AF00060E65 /* RecommendedTrackCollectionViewCell.swift in Sources */ = {isa = PBXBuildFile; fileRef = 3627AFCC26BDD2AF00060E65 /* RecommendedTrackCollectionViewCell.swift */; };
		3627AFCF26BDDA1000060E65 /* NewReleasesCellViewModel.swift in Sources */ = {isa = PBXBuildFile; fileRef = 3627AFCE26BDDA1000060E65 /* NewReleasesCellViewModel.swift */; };
		3627AFD226BDE1CD00060E65 /* FeaturedPlaylistCellViewModel.swift in Sources */ = {isa = PBXBuildFile; fileRef = 3627AFD126BDE1CD00060E65 /* FeaturedPlaylistCellViewModel.swift */; };
		3627AFD426BDE1DE00060E65 /* RecommendedTrackCellViewModel.swift in Sources */ = {isa = PBXBuildFile; fileRef = 3627AFD326BDE1DE00060E65 /* RecommendedTrackCellViewModel.swift */; };
		3627AFD626BDF9CB00060E65 /* AlbumViewController.swift in Sources */ = {isa = PBXBuildFile; fileRef = 3627AFD526BDF9CB00060E65 /* AlbumViewController.swift */; };
		3627AFD826BE00B200060E65 /* AubumDetailsResponse.swift in Sources */ = {isa = PBXBuildFile; fileRef = 3627AFD726BE00B200060E65 /* AubumDetailsResponse.swift */; };
		3627AFDA26BE036200060E65 /* PlaylistDetailsResponse.swift in Sources */ = {isa = PBXBuildFile; fileRef = 3627AFD926BE036200060E65 /* PlaylistDetailsResponse.swift */; };
		3627AFDD26BE117300060E65 /* PlaylistHeaderCollectionReusableView.swift in Sources */ = {isa = PBXBuildFile; fileRef = 3627AFDC26BE117300060E65 /* PlaylistHeaderCollectionReusableView.swift */; };
		3627AFE026BE13B000060E65 /* PlaylistHeaderViewViewModel.swift in Sources */ = {isa = PBXBuildFile; fileRef = 3627AFDF26BE13B000060E65 /* PlaylistHeaderViewViewModel.swift */; };
		3627AFE226BE1E9700060E65 /* PlaylistCollectionViewCell.swift in Sources */ = {isa = PBXBuildFile; fileRef = 3627AFE126BE1E9700060E65 /* PlaylistCollectionViewCell.swift */; };
		3627AFE426BE1FCB00060E65 /* PlaylistCellViewModel.swift in Sources */ = {isa = PBXBuildFile; fileRef = 3627AFE326BE1FCB00060E65 /* PlaylistCellViewModel.swift */; };
		3638224826BAF8F2005B2D1C /* TabBarController.swift in Sources */ = {isa = PBXBuildFile; fileRef = 3638224726BAF8F2005B2D1C /* TabBarController.swift */; };
		3638224A26BAF957005B2D1C /* NavigationController.swift in Sources */ = {isa = PBXBuildFile; fileRef = 3638224926BAF957005B2D1C /* NavigationController.swift */; };
		3638224C26BAF976005B2D1C /* SearchViewController.swift in Sources */ = {isa = PBXBuildFile; fileRef = 3638224B26BAF976005B2D1C /* SearchViewController.swift */; };
		3638224E26BAF992005B2D1C /* LibraryViewController.swift in Sources */ = {isa = PBXBuildFile; fileRef = 3638224D26BAF992005B2D1C /* LibraryViewController.swift */; };
		3638225126BAFA1E005B2D1C /* AuthViewController.swift in Sources */ = {isa = PBXBuildFile; fileRef = 3638225026BAFA1E005B2D1C /* AuthViewController.swift */; };
		3638225526BAFA6C005B2D1C /* WelcomeViewController.swift in Sources */ = {isa = PBXBuildFile; fileRef = 3638225426BAFA6C005B2D1C /* WelcomeViewController.swift */; };
		3638225726BAFA85005B2D1C /* SettingsViewController.swift in Sources */ = {isa = PBXBuildFile; fileRef = 3638225626BAFA85005B2D1C /* SettingsViewController.swift */; };
		3638225926BAFA9E005B2D1C /* ProfileViewController.swift in Sources */ = {isa = PBXBuildFile; fileRef = 3638225826BAFA9E005B2D1C /* ProfileViewController.swift */; };
		3638225B26BAFADB005B2D1C /* PlaylistViewController.swift in Sources */ = {isa = PBXBuildFile; fileRef = 3638225A26BAFADB005B2D1C /* PlaylistViewController.swift */; };
		3638225D26BAFAE6005B2D1C /* PlayerViewController.swift in Sources */ = {isa = PBXBuildFile; fileRef = 3638225C26BAFAE6005B2D1C /* PlayerViewController.swift */; };
		3638225F26BAFB05005B2D1C /* SearchResultViewController.swift in Sources */ = {isa = PBXBuildFile; fileRef = 3638225E26BAFB05005B2D1C /* SearchResultViewController.swift */; };
		3638226226BAFB93005B2D1C /* Playlist.swift in Sources */ = {isa = PBXBuildFile; fileRef = 3638226126BAFB93005B2D1C /* Playlist.swift */; };
		3638226426BAFBC1005B2D1C /* AudioTrack.swift in Sources */ = {isa = PBXBuildFile; fileRef = 3638226326BAFBC1005B2D1C /* AudioTrack.swift */; };
		3638226826BAFD04005B2D1C /* UIColor+setting.swift in Sources */ = {isa = PBXBuildFile; fileRef = 3638226726BAFD04005B2D1C /* UIColor+setting.swift */; };
		3638226A26BB03BF005B2D1C /* AuthManager.swift in Sources */ = {isa = PBXBuildFile; fileRef = 3638226926BB03BF005B2D1C /* AuthManager.swift */; };
		3638226C26BB03CA005B2D1C /* APICaller.swift in Sources */ = {isa = PBXBuildFile; fileRef = 3638226B26BB03CA005B2D1C /* APICaller.swift */; };
		3638226E26BB03D8005B2D1C /* HapticsManager.swift in Sources */ = {isa = PBXBuildFile; fileRef = 3638226D26BB03D8005B2D1C /* HapticsManager.swift */; };
		3638227126BB06C4005B2D1C /* Secret.swift in Sources */ = {isa = PBXBuildFile; fileRef = 3638227026BB06C4005B2D1C /* Secret.swift */; };
		3638227426BB0AA9005B2D1C /* UIView+layout.swift in Sources */ = {isa = PBXBuildFile; fileRef = 3638227326BB0AA9005B2D1C /* UIView+layout.swift */; };
		3645CD6A26B311ED0056F604 /* AppDelegate.swift in Sources */ = {isa = PBXBuildFile; fileRef = 3645CD6926B311ED0056F604 /* AppDelegate.swift */; };
		3645CD6C26B311ED0056F604 /* SceneDelegate.swift in Sources */ = {isa = PBXBuildFile; fileRef = 3645CD6B26B311ED0056F604 /* SceneDelegate.swift */; };
		3645CD6E26B311ED0056F604 /* HomeViewController.swift in Sources */ = {isa = PBXBuildFile; fileRef = 3645CD6D26B311ED0056F604 /* HomeViewController.swift */; };
		3645CD7426B311ED0056F604 /* Music2.xcdatamodeld in Sources */ = {isa = PBXBuildFile; fileRef = 3645CD7226B311ED0056F604 /* Music2.xcdatamodeld */; };
		3645CD7626B311EE0056F604 /* Assets.xcassets in Resources */ = {isa = PBXBuildFile; fileRef = 3645CD7526B311EE0056F604 /* Assets.xcassets */; };
		3645CD7926B311EE0056F604 /* LaunchScreen.storyboard in Resources */ = {isa = PBXBuildFile; fileRef = 3645CD7726B311EE0056F604 /* LaunchScreen.storyboard */; };
		3645CD8426B311EE0056F604 /* Music2Tests.swift in Sources */ = {isa = PBXBuildFile; fileRef = 3645CD8326B311EE0056F604 /* Music2Tests.swift */; };
		3645CD8F26B311EE0056F604 /* Music2UITests.swift in Sources */ = {isa = PBXBuildFile; fileRef = 3645CD8E26B311EE0056F604 /* Music2UITests.swift */; };
		3649757326BC75C100440985 /* NewReleasesResponse.swift in Sources */ = {isa = PBXBuildFile; fileRef = 3649757226BC75C100440985 /* NewReleasesResponse.swift */; };
		3649757526BC771E00440985 /* APIImage.swift in Sources */ = {isa = PBXBuildFile; fileRef = 3649757426BC771E00440985 /* APIImage.swift */; };
		3649757726BC7A9500440985 /* FeaturedPlaylistsResponse.swift in Sources */ = {isa = PBXBuildFile; fileRef = 3649757626BC7A9500440985 /* FeaturedPlaylistsResponse.swift */; };
		3649757926BC7C1D00440985 /* Album.swift in Sources */ = {isa = PBXBuildFile; fileRef = 3649757826BC7C1D00440985 /* Album.swift */; };
		3649757C26BC810700440985 /* RecommendedGenresResponse.swift in Sources */ = {isa = PBXBuildFile; fileRef = 3649757B26BC810700440985 /* RecommendedGenresResponse.swift */; };
		3649757E26BC848200440985 /* RecommendationResponse.swift in Sources */ = {isa = PBXBuildFile; fileRef = 3649757D26BC848200440985 /* RecommendationResponse.swift */; };
		36B6E43E26BC25B0005B164B /* Artist.swift in Sources */ = {isa = PBXBuildFile; fileRef = 36B6E43D26BC25B0005B164B /* Artist.swift */; };
		36B6E44026BC25FB005B164B /* User.swift in Sources */ = {isa = PBXBuildFile; fileRef = 36B6E43F26BC25FB005B164B /* User.swift */; };
		36B6E44226BC3406005B164B /* SettingsModels.swift in Sources */ = {isa = PBXBuildFile; fileRef = 36B6E44126BC3406005B164B /* SettingsModels.swift */; };
		36B6E44526BC3DF9005B164B /* UIViewController+alert.swift in Sources */ = {isa = PBXBuildFile; fileRef = 36B6E44426BC3DF9005B164B /* UIViewController+alert.swift */; };
		36BFBE1226BBC0AA003C56BD /* AuthResponse.swift in Sources */ = {isa = PBXBuildFile; fileRef = 36BFBE1126BBC0AA003C56BD /* AuthResponse.swift */; };
		51940056F730C320F9315AD6 /* libPods-Music2.a in Frameworks */ = {isa = PBXBuildFile; fileRef = A64C24984202D123F6B81E08 /* libPods-Music2.a */; };
		5C03CDD7CDB4B6B0BA4239D5 /* libPods-Music2Tests.a in Frameworks */ = {isa = PBXBuildFile; fileRef = 53EB7534DEFD1584A5D523D1 /* libPods-Music2Tests.a */; };
		E1D0B595C53451BA83D08D81 /* libPods-Music2-Music2UITests.a in Frameworks */ = {isa = PBXBuildFile; fileRef = 542B11B4523586132A5F77DB /* libPods-Music2-Music2UITests.a */; };
/* End PBXBuildFile section */

/* Begin PBXContainerItemProxy section */
		3645CD8026B311EE0056F604 /* PBXContainerItemProxy */ = {
			isa = PBXContainerItemProxy;
			containerPortal = 3645CD5E26B311ED0056F604 /* Project object */;
			proxyType = 1;
			remoteGlobalIDString = 3645CD6526B311ED0056F604;
			remoteInfo = Music2;
		};
		3645CD8B26B311EE0056F604 /* PBXContainerItemProxy */ = {
			isa = PBXContainerItemProxy;
			containerPortal = 3645CD5E26B311ED0056F604 /* Project object */;
			proxyType = 1;
			remoteGlobalIDString = 3645CD6526B311ED0056F604;
			remoteInfo = Music2;
		};
/* End PBXContainerItemProxy section */

/* Begin PBXFileReference section */
		1DD7646E477D2A9F102E61D9 /* Pods-Music2.debug.xcconfig */ = {isa = PBXFileReference; includeInIndex = 1; lastKnownFileType = text.xcconfig; name = "Pods-Music2.debug.xcconfig"; path = "Target Support Files/Pods-Music2/Pods-Music2.debug.xcconfig"; sourceTree = "<group>"; };
		25777BA7155B196FCFEE5DD4 /* Pods-Music2Tests.debug.xcconfig */ = {isa = PBXFileReference; includeInIndex = 1; lastKnownFileType = text.xcconfig; name = "Pods-Music2Tests.debug.xcconfig"; path = "Target Support Files/Pods-Music2Tests/Pods-Music2Tests.debug.xcconfig"; sourceTree = "<group>"; };
		3627AFC826BDD23F00060E65 /* NewReleaseCollectionViewCell.swift */ = {isa = PBXFileReference; lastKnownFileType = sourcecode.swift; path = NewReleaseCollectionViewCell.swift; sourceTree = "<group>"; };
		3627AFCA26BDD28400060E65 /* FeaturedPlaylistCollectionViewCell.swift */ = {isa = PBXFileReference; lastKnownFileType = sourcecode.swift; path = FeaturedPlaylistCollectionViewCell.swift; sourceTree = "<group>"; };
		3627AFCC26BDD2AF00060E65 /* RecommendedTrackCollectionViewCell.swift */ = {isa = PBXFileReference; lastKnownFileType = sourcecode.swift; path = RecommendedTrackCollectionViewCell.swift; sourceTree = "<group>"; };
		3627AFCE26BDDA1000060E65 /* NewReleasesCellViewModel.swift */ = {isa = PBXFileReference; lastKnownFileType = sourcecode.swift; path = NewReleasesCellViewModel.swift; sourceTree = "<group>"; };
		3627AFD126BDE1CD00060E65 /* FeaturedPlaylistCellViewModel.swift */ = {isa = PBXFileReference; lastKnownFileType = sourcecode.swift; path = FeaturedPlaylistCellViewModel.swift; sourceTree = "<group>"; };
		3627AFD326BDE1DE00060E65 /* RecommendedTrackCellViewModel.swift */ = {isa = PBXFileReference; lastKnownFileType = sourcecode.swift; path = RecommendedTrackCellViewModel.swift; sourceTree = "<group>"; };
		3627AFD526BDF9CB00060E65 /* AlbumViewController.swift */ = {isa = PBXFileReference; lastKnownFileType = sourcecode.swift; path = AlbumViewController.swift; sourceTree = "<group>"; };
		3627AFD726BE00B200060E65 /* AubumDetailsResponse.swift */ = {isa = PBXFileReference; lastKnownFileType = sourcecode.swift; path = AubumDetailsResponse.swift; sourceTree = "<group>"; };
		3627AFD926BE036200060E65 /* PlaylistDetailsResponse.swift */ = {isa = PBXFileReference; lastKnownFileType = sourcecode.swift; path = PlaylistDetailsResponse.swift; sourceTree = "<group>"; };
		3627AFDC26BE117300060E65 /* PlaylistHeaderCollectionReusableView.swift */ = {isa = PBXFileReference; lastKnownFileType = sourcecode.swift; path = PlaylistHeaderCollectionReusableView.swift; sourceTree = "<group>"; };
		3627AFDF26BE13B000060E65 /* PlaylistHeaderViewViewModel.swift */ = {isa = PBXFileReference; lastKnownFileType = sourcecode.swift; path = PlaylistHeaderViewViewModel.swift; sourceTree = "<group>"; };
		3627AFE126BE1E9700060E65 /* PlaylistCollectionViewCell.swift */ = {isa = PBXFileReference; lastKnownFileType = sourcecode.swift; path = PlaylistCollectionViewCell.swift; sourceTree = "<group>"; };
		3627AFE326BE1FCB00060E65 /* PlaylistCellViewModel.swift */ = {isa = PBXFileReference; lastKnownFileType = sourcecode.swift; path = PlaylistCellViewModel.swift; sourceTree = "<group>"; };
		3638224726BAF8F2005B2D1C /* TabBarController.swift */ = {isa = PBXFileReference; lastKnownFileType = sourcecode.swift; path = TabBarController.swift; sourceTree = "<group>"; };
		3638224926BAF957005B2D1C /* NavigationController.swift */ = {isa = PBXFileReference; lastKnownFileType = sourcecode.swift; path = NavigationController.swift; sourceTree = "<group>"; };
		3638224B26BAF976005B2D1C /* SearchViewController.swift */ = {isa = PBXFileReference; lastKnownFileType = sourcecode.swift; path = SearchViewController.swift; sourceTree = "<group>"; };
		3638224D26BAF992005B2D1C /* LibraryViewController.swift */ = {isa = PBXFileReference; lastKnownFileType = sourcecode.swift; path = LibraryViewController.swift; sourceTree = "<group>"; };
		3638225026BAFA1E005B2D1C /* AuthViewController.swift */ = {isa = PBXFileReference; lastKnownFileType = sourcecode.swift; path = AuthViewController.swift; sourceTree = "<group>"; };
		3638225426BAFA6C005B2D1C /* WelcomeViewController.swift */ = {isa = PBXFileReference; lastKnownFileType = sourcecode.swift; path = WelcomeViewController.swift; sourceTree = "<group>"; };
		3638225626BAFA85005B2D1C /* SettingsViewController.swift */ = {isa = PBXFileReference; lastKnownFileType = sourcecode.swift; path = SettingsViewController.swift; sourceTree = "<group>"; };
		3638225826BAFA9E005B2D1C /* ProfileViewController.swift */ = {isa = PBXFileReference; lastKnownFileType = sourcecode.swift; path = ProfileViewController.swift; sourceTree = "<group>"; };
		3638225A26BAFADB005B2D1C /* PlaylistViewController.swift */ = {isa = PBXFileReference; lastKnownFileType = sourcecode.swift; path = PlaylistViewController.swift; sourceTree = "<group>"; };
		3638225C26BAFAE6005B2D1C /* PlayerViewController.swift */ = {isa = PBXFileReference; lastKnownFileType = sourcecode.swift; path = PlayerViewController.swift; sourceTree = "<group>"; };
		3638225E26BAFB05005B2D1C /* SearchResultViewController.swift */ = {isa = PBXFileReference; lastKnownFileType = sourcecode.swift; path = SearchResultViewController.swift; sourceTree = "<group>"; };
		3638226126BAFB93005B2D1C /* Playlist.swift */ = {isa = PBXFileReference; lastKnownFileType = sourcecode.swift; path = Playlist.swift; sourceTree = "<group>"; };
		3638226326BAFBC1005B2D1C /* AudioTrack.swift */ = {isa = PBXFileReference; lastKnownFileType = sourcecode.swift; path = AudioTrack.swift; sourceTree = "<group>"; };
		3638226726BAFD04005B2D1C /* UIColor+setting.swift */ = {isa = PBXFileReference; lastKnownFileType = sourcecode.swift; path = "UIColor+setting.swift"; sourceTree = "<group>"; };
		3638226926BB03BF005B2D1C /* AuthManager.swift */ = {isa = PBXFileReference; lastKnownFileType = sourcecode.swift; path = AuthManager.swift; sourceTree = "<group>"; };
		3638226B26BB03CA005B2D1C /* APICaller.swift */ = {isa = PBXFileReference; lastKnownFileType = sourcecode.swift; path = APICaller.swift; sourceTree = "<group>"; };
		3638226D26BB03D8005B2D1C /* HapticsManager.swift */ = {isa = PBXFileReference; lastKnownFileType = sourcecode.swift; path = HapticsManager.swift; sourceTree = "<group>"; };
		3638227026BB06C4005B2D1C /* Secret.swift */ = {isa = PBXFileReference; lastKnownFileType = sourcecode.swift; path = Secret.swift; sourceTree = "<group>"; };
		3638227326BB0AA9005B2D1C /* UIView+layout.swift */ = {isa = PBXFileReference; lastKnownFileType = sourcecode.swift; path = "UIView+layout.swift"; sourceTree = "<group>"; };
		3645CD6626B311ED0056F604 /* Music2.app */ = {isa = PBXFileReference; explicitFileType = wrapper.application; includeInIndex = 0; path = Music2.app; sourceTree = BUILT_PRODUCTS_DIR; };
		3645CD6926B311ED0056F604 /* AppDelegate.swift */ = {isa = PBXFileReference; lastKnownFileType = sourcecode.swift; path = AppDelegate.swift; sourceTree = "<group>"; };
		3645CD6B26B311ED0056F604 /* SceneDelegate.swift */ = {isa = PBXFileReference; lastKnownFileType = sourcecode.swift; path = SceneDelegate.swift; sourceTree = "<group>"; };
		3645CD6D26B311ED0056F604 /* HomeViewController.swift */ = {isa = PBXFileReference; lastKnownFileType = sourcecode.swift; path = HomeViewController.swift; sourceTree = "<group>"; };
		3645CD7326B311ED0056F604 /* Music2.xcdatamodel */ = {isa = PBXFileReference; lastKnownFileType = wrapper.xcdatamodel; path = Music2.xcdatamodel; sourceTree = "<group>"; };
		3645CD7526B311EE0056F604 /* Assets.xcassets */ = {isa = PBXFileReference; lastKnownFileType = folder.assetcatalog; path = Assets.xcassets; sourceTree = "<group>"; };
		3645CD7826B311EE0056F604 /* Base */ = {isa = PBXFileReference; lastKnownFileType = file.storyboard; name = Base; path = Base.lproj/LaunchScreen.storyboard; sourceTree = "<group>"; };
		3645CD7A26B311EE0056F604 /* Info.plist */ = {isa = PBXFileReference; lastKnownFileType = text.plist.xml; path = Info.plist; sourceTree = "<group>"; };
		3645CD7F26B311EE0056F604 /* Music2Tests.xctest */ = {isa = PBXFileReference; explicitFileType = wrapper.cfbundle; includeInIndex = 0; path = Music2Tests.xctest; sourceTree = BUILT_PRODUCTS_DIR; };
		3645CD8326B311EE0056F604 /* Music2Tests.swift */ = {isa = PBXFileReference; lastKnownFileType = sourcecode.swift; path = Music2Tests.swift; sourceTree = "<group>"; };
		3645CD8526B311EE0056F604 /* Info.plist */ = {isa = PBXFileReference; lastKnownFileType = text.plist.xml; path = Info.plist; sourceTree = "<group>"; };
		3645CD8A26B311EE0056F604 /* Music2UITests.xctest */ = {isa = PBXFileReference; explicitFileType = wrapper.cfbundle; includeInIndex = 0; path = Music2UITests.xctest; sourceTree = BUILT_PRODUCTS_DIR; };
		3645CD8E26B311EE0056F604 /* Music2UITests.swift */ = {isa = PBXFileReference; lastKnownFileType = sourcecode.swift; path = Music2UITests.swift; sourceTree = "<group>"; };
		3645CD9026B311EE0056F604 /* Info.plist */ = {isa = PBXFileReference; lastKnownFileType = text.plist.xml; path = Info.plist; sourceTree = "<group>"; };
		3649757226BC75C100440985 /* NewReleasesResponse.swift */ = {isa = PBXFileReference; lastKnownFileType = sourcecode.swift; path = NewReleasesResponse.swift; sourceTree = "<group>"; };
		3649757426BC771E00440985 /* APIImage.swift */ = {isa = PBXFileReference; lastKnownFileType = sourcecode.swift; path = APIImage.swift; sourceTree = "<group>"; };
		3649757626BC7A9500440985 /* FeaturedPlaylistsResponse.swift */ = {isa = PBXFileReference; lastKnownFileType = sourcecode.swift; path = FeaturedPlaylistsResponse.swift; sourceTree = "<group>"; };
		3649757826BC7C1D00440985 /* Album.swift */ = {isa = PBXFileReference; lastKnownFileType = sourcecode.swift; path = Album.swift; sourceTree = "<group>"; };
		3649757B26BC810700440985 /* RecommendedGenresResponse.swift */ = {isa = PBXFileReference; lastKnownFileType = sourcecode.swift; path = RecommendedGenresResponse.swift; sourceTree = "<group>"; };
		3649757D26BC848200440985 /* RecommendationResponse.swift */ = {isa = PBXFileReference; lastKnownFileType = sourcecode.swift; path = RecommendationResponse.swift; sourceTree = "<group>"; };
		36B6E43D26BC25B0005B164B /* Artist.swift */ = {isa = PBXFileReference; lastKnownFileType = sourcecode.swift; path = Artist.swift; sourceTree = "<group>"; };
		36B6E43F26BC25FB005B164B /* User.swift */ = {isa = PBXFileReference; lastKnownFileType = sourcecode.swift; path = User.swift; sourceTree = "<group>"; };
		36B6E44126BC3406005B164B /* SettingsModels.swift */ = {isa = PBXFileReference; lastKnownFileType = sourcecode.swift; path = SettingsModels.swift; sourceTree = "<group>"; };
		36B6E44426BC3DF9005B164B /* UIViewController+alert.swift */ = {isa = PBXFileReference; lastKnownFileType = sourcecode.swift; path = "UIViewController+alert.swift"; sourceTree = "<group>"; };
		36BFBE1126BBC0AA003C56BD /* AuthResponse.swift */ = {isa = PBXFileReference; lastKnownFileType = sourcecode.swift; path = AuthResponse.swift; sourceTree = "<group>"; };
		53EB7534DEFD1584A5D523D1 /* libPods-Music2Tests.a */ = {isa = PBXFileReference; explicitFileType = archive.ar; includeInIndex = 0; path = "libPods-Music2Tests.a"; sourceTree = BUILT_PRODUCTS_DIR; };
		542B11B4523586132A5F77DB /* libPods-Music2-Music2UITests.a */ = {isa = PBXFileReference; explicitFileType = archive.ar; includeInIndex = 0; path = "libPods-Music2-Music2UITests.a"; sourceTree = BUILT_PRODUCTS_DIR; };
		57655E126C51348CE731F7D1 /* Pods-Music2-Music2UITests.debug.xcconfig */ = {isa = PBXFileReference; includeInIndex = 1; lastKnownFileType = text.xcconfig; name = "Pods-Music2-Music2UITests.debug.xcconfig"; path = "Target Support Files/Pods-Music2-Music2UITests/Pods-Music2-Music2UITests.debug.xcconfig"; sourceTree = "<group>"; };
		A5335B3FB9110343BF64BEEC /* Pods-Music2.release.xcconfig */ = {isa = PBXFileReference; includeInIndex = 1; lastKnownFileType = text.xcconfig; name = "Pods-Music2.release.xcconfig"; path = "Target Support Files/Pods-Music2/Pods-Music2.release.xcconfig"; sourceTree = "<group>"; };
		A64C24984202D123F6B81E08 /* libPods-Music2.a */ = {isa = PBXFileReference; explicitFileType = archive.ar; includeInIndex = 0; path = "libPods-Music2.a"; sourceTree = BUILT_PRODUCTS_DIR; };
		A6A8A01C5308CE95D3ECAD5D /* Pods-Music2Tests.release.xcconfig */ = {isa = PBXFileReference; includeInIndex = 1; lastKnownFileType = text.xcconfig; name = "Pods-Music2Tests.release.xcconfig"; path = "Target Support Files/Pods-Music2Tests/Pods-Music2Tests.release.xcconfig"; sourceTree = "<group>"; };
		EEE60D16203B55472D971371 /* Pods-Music2-Music2UITests.release.xcconfig */ = {isa = PBXFileReference; includeInIndex = 1; lastKnownFileType = text.xcconfig; name = "Pods-Music2-Music2UITests.release.xcconfig"; path = "Target Support Files/Pods-Music2-Music2UITests/Pods-Music2-Music2UITests.release.xcconfig"; sourceTree = "<group>"; };
/* End PBXFileReference section */

/* Begin PBXFrameworksBuildPhase section */
		3645CD6326B311ED0056F604 /* Frameworks */ = {
			isa = PBXFrameworksBuildPhase;
			buildActionMask = 2147483647;
			files = (
				51940056F730C320F9315AD6 /* libPods-Music2.a in Frameworks */,
			);
			runOnlyForDeploymentPostprocessing = 0;
		};
		3645CD7C26B311EE0056F604 /* Frameworks */ = {
			isa = PBXFrameworksBuildPhase;
			buildActionMask = 2147483647;
			files = (
				5C03CDD7CDB4B6B0BA4239D5 /* libPods-Music2Tests.a in Frameworks */,
			);
			runOnlyForDeploymentPostprocessing = 0;
		};
		3645CD8726B311EE0056F604 /* Frameworks */ = {
			isa = PBXFrameworksBuildPhase;
			buildActionMask = 2147483647;
			files = (
				E1D0B595C53451BA83D08D81 /* libPods-Music2-Music2UITests.a in Frameworks */,
			);
			runOnlyForDeploymentPostprocessing = 0;
		};
/* End PBXFrameworksBuildPhase section */

/* Begin PBXGroup section */
		09F51C6599BE7468E8C56A10 /* Pods */ = {
			isa = PBXGroup;
			children = (
				1DD7646E477D2A9F102E61D9 /* Pods-Music2.debug.xcconfig */,
				A5335B3FB9110343BF64BEEC /* Pods-Music2.release.xcconfig */,
				57655E126C51348CE731F7D1 /* Pods-Music2-Music2UITests.debug.xcconfig */,
				EEE60D16203B55472D971371 /* Pods-Music2-Music2UITests.release.xcconfig */,
				25777BA7155B196FCFEE5DD4 /* Pods-Music2Tests.debug.xcconfig */,
				A6A8A01C5308CE95D3ECAD5D /* Pods-Music2Tests.release.xcconfig */,
			);
			path = Pods;
			sourceTree = "<group>";
		};
		3627AFC726BDD22C00060E65 /* Browse */ = {
			isa = PBXGroup;
			children = (
				3627AFC826BDD23F00060E65 /* NewReleaseCollectionViewCell.swift */,
				3627AFCA26BDD28400060E65 /* FeaturedPlaylistCollectionViewCell.swift */,
				3627AFCC26BDD2AF00060E65 /* RecommendedTrackCollectionViewCell.swift */,
			);
			path = Browse;
			sourceTree = "<group>";
		};
		3627AFD026BDDA1E00060E65 /* Browse */ = {
			isa = PBXGroup;
			children = (
				3627AFCE26BDDA1000060E65 /* NewReleasesCellViewModel.swift */,
				3627AFD126BDE1CD00060E65 /* FeaturedPlaylistCellViewModel.swift */,
				3627AFD326BDE1DE00060E65 /* RecommendedTrackCellViewModel.swift */,
			);
			path = Browse;
			sourceTree = "<group>";
		};
		3627AFDB26BE113A00060E65 /* Playlist */ = {
			isa = PBXGroup;
			children = (
				3627AFDC26BE117300060E65 /* PlaylistHeaderCollectionReusableView.swift */,
				3627AFE126BE1E9700060E65 /* PlaylistCollectionViewCell.swift */,
			);
			path = Playlist;
			sourceTree = "<group>";
		};
		3627AFDE26BE139D00060E65 /* Playlist */ = {
			isa = PBXGroup;
			children = (
				3627AFDF26BE13B000060E65 /* PlaylistHeaderViewViewModel.swift */,
				3627AFE326BE1FCB00060E65 /* PlaylistCellViewModel.swift */,
			);
			path = Playlist;
			sourceTree = "<group>";
		};
		3638224226BAF637005B2D1C /* Controller */ = {
			isa = PBXGroup;
			children = (
				3638224726BAF8F2005B2D1C /* TabBarController.swift */,
				3638224926BAF957005B2D1C /* NavigationController.swift */,
				3638225326BAFA3B005B2D1C /* Other */,
				3638225226BAFA36005B2D1C /* Core */,
			);
			path = Controller;
			sourceTree = "<group>";
		};
		3638224326BAF63F005B2D1C /* ViewModels */ = {
			isa = PBXGroup;
			children = (
				3627AFDE26BE139D00060E65 /* Playlist */,
				3627AFD026BDDA1E00060E65 /* Browse */,
			);
			path = ViewModels;
			sourceTree = "<group>";
		};
		3638224426BAF64D005B2D1C /* Views */ = {
			isa = PBXGroup;
			children = (
				3627AFC726BDD22C00060E65 /* Browse */,
				3627AFDB26BE113A00060E65 /* Playlist */,
				3645CD7726B311EE0056F604 /* LaunchScreen.storyboard */,
			);
			path = Views;
			sourceTree = "<group>";
		};
		3638224526BAF65C005B2D1C /* Manager */ = {
			isa = PBXGroup;
			children = (
				3638226926BB03BF005B2D1C /* AuthManager.swift */,
				3638226B26BB03CA005B2D1C /* APICaller.swift */,
				3638226D26BB03D8005B2D1C /* HapticsManager.swift */,
			);
			path = Manager;
			sourceTree = "<group>";
		};
		3638224626BAF685005B2D1C /* Resources */ = {
			isa = PBXGroup;
			children = (
				3645CD6926B311ED0056F604 /* AppDelegate.swift */,
				3645CD6B26B311ED0056F604 /* SceneDelegate.swift */,
				3645CD7526B311EE0056F604 /* Assets.xcassets */,
			);
			path = Resources;
			sourceTree = "<group>";
		};
		3638225226BAFA36005B2D1C /* Core */ = {
			isa = PBXGroup;
			children = (
				3645CD6D26B311ED0056F604 /* HomeViewController.swift */,
				3638224D26BAF992005B2D1C /* LibraryViewController.swift */,
				3638224B26BAF976005B2D1C /* SearchViewController.swift */,
			);
			path = Core;
			sourceTree = "<group>";
		};
		3638225326BAFA3B005B2D1C /* Other */ = {
			isa = PBXGroup;
			children = (
				3627AFD526BDF9CB00060E65 /* AlbumViewController.swift */,
				3638225026BAFA1E005B2D1C /* AuthViewController.swift */,
				3638225C26BAFAE6005B2D1C /* PlayerViewController.swift */,
				3638225A26BAFADB005B2D1C /* PlaylistViewController.swift */,
				3638225826BAFA9E005B2D1C /* ProfileViewController.swift */,
				3638225E26BAFB05005B2D1C /* SearchResultViewController.swift */,
				3638225626BAFA85005B2D1C /* SettingsViewController.swift */,
				3638225426BAFA6C005B2D1C /* WelcomeViewController.swift */,
			);
			path = Other;
			sourceTree = "<group>";
		};
		3638226026BAFB6B005B2D1C /* Model */ = {
			isa = PBXGroup;
			children = (
				3649757A26BC80D200440985 /* Response */,
				3649757826BC7C1D00440985 /* Album.swift */,
				36B6E43D26BC25B0005B164B /* Artist.swift */,
				3638226326BAFBC1005B2D1C /* AudioTrack.swift */,
				3638226126BAFB93005B2D1C /* Playlist.swift */,
				36B6E44126BC3406005B164B /* SettingsModels.swift */,
				3649757426BC771E00440985 /* APIImage.swift */,
				36B6E43F26BC25FB005B164B /* User.swift */,
			);
			path = Model;
			sourceTree = "<group>";
		};
		3638226526BAFCDC005B2D1C /* Extension */ = {
			isa = PBXGroup;
			children = (
				3638226626BAFCE3005B2D1C /* UIColor */,
				3638227226BB0A9A005B2D1C /* UIView */,
				36B6E44326BC3DC9005B164B /* UIViewController */,
			);
			path = Extension;
			sourceTree = "<group>";
		};
		3638226626BAFCE3005B2D1C /* UIColor */ = {
			isa = PBXGroup;
			children = (
				3638226726BAFD04005B2D1C /* UIColor+setting.swift */,
			);
			path = UIColor;
			sourceTree = "<group>";
		};
		3638226F26BB06B5005B2D1C /* Secret */ = {
			isa = PBXGroup;
			children = (
				3638227026BB06C4005B2D1C /* Secret.swift */,
			);
			path = Secret;
			sourceTree = "<group>";
		};
		3638227226BB0A9A005B2D1C /* UIView */ = {
			isa = PBXGroup;
			children = (
				3638227326BB0AA9005B2D1C /* UIView+layout.swift */,
			);
			path = UIView;
			sourceTree = "<group>";
		};
		3645CD5D26B311ED0056F604 = {
			isa = PBXGroup;
			children = (
				3645CD6826B311ED0056F604 /* Music2 */,
				3645CD8226B311EE0056F604 /* Music2Tests */,
				3645CD8D26B311EE0056F604 /* Music2UITests */,
				3645CD6726B311ED0056F604 /* Products */,
				09F51C6599BE7468E8C56A10 /* Pods */,
				F07F91400DD18E3EA91BA348 /* Frameworks */,
			);
			sourceTree = "<group>";
		};
		3645CD6726B311ED0056F604 /* Products */ = {
			isa = PBXGroup;
			children = (
				3645CD6626B311ED0056F604 /* Music2.app */,
				3645CD7F26B311EE0056F604 /* Music2Tests.xctest */,
				3645CD8A26B311EE0056F604 /* Music2UITests.xctest */,
			);
			name = Products;
			sourceTree = "<group>";
		};
		3645CD6826B311ED0056F604 /* Music2 */ = {
			isa = PBXGroup;
			children = (
				3638226F26BB06B5005B2D1C /* Secret */,
				3638226526BAFCDC005B2D1C /* Extension */,
				3638224626BAF685005B2D1C /* Resources */,
				3638224526BAF65C005B2D1C /* Manager */,
				3638224326BAF63F005B2D1C /* ViewModels */,
				3638226026BAFB6B005B2D1C /* Model */,
				3638224426BAF64D005B2D1C /* Views */,
				3638224226BAF637005B2D1C /* Controller */,
				3645CD7A26B311EE0056F604 /* Info.plist */,
				3645CD7226B311ED0056F604 /* Music2.xcdatamodeld */,
			);
			path = Music2;
			sourceTree = "<group>";
		};
		3645CD8226B311EE0056F604 /* Music2Tests */ = {
			isa = PBXGroup;
			children = (
				3645CD8326B311EE0056F604 /* Music2Tests.swift */,
				3645CD8526B311EE0056F604 /* Info.plist */,
			);
			path = Music2Tests;
			sourceTree = "<group>";
		};
		3645CD8D26B311EE0056F604 /* Music2UITests */ = {
			isa = PBXGroup;
			children = (
				3645CD8E26B311EE0056F604 /* Music2UITests.swift */,
				3645CD9026B311EE0056F604 /* Info.plist */,
			);
			path = Music2UITests;
			sourceTree = "<group>";
		};
		3649757A26BC80D200440985 /* Response */ = {
			isa = PBXGroup;
			children = (
				3627AFD726BE00B200060E65 /* AubumDetailsResponse.swift */,
				36BFBE1126BBC0AA003C56BD /* AuthResponse.swift */,
				3649757626BC7A9500440985 /* FeaturedPlaylistsResponse.swift */,
				3649757226BC75C100440985 /* NewReleasesResponse.swift */,
				3627AFD926BE036200060E65 /* PlaylistDetailsResponse.swift */,
				3649757D26BC848200440985 /* RecommendationResponse.swift */,
				3649757B26BC810700440985 /* RecommendedGenresResponse.swift */,
			);
			path = Response;
			sourceTree = "<group>";
		};
		36B6E44326BC3DC9005B164B /* UIViewController */ = {
			isa = PBXGroup;
			children = (
				36B6E44426BC3DF9005B164B /* UIViewController+alert.swift */,
			);
			path = UIViewController;
			sourceTree = "<group>";
		};
		F07F91400DD18E3EA91BA348 /* Frameworks */ = {
			isa = PBXGroup;
			children = (
				A64C24984202D123F6B81E08 /* libPods-Music2.a */,
				542B11B4523586132A5F77DB /* libPods-Music2-Music2UITests.a */,
				53EB7534DEFD1584A5D523D1 /* libPods-Music2Tests.a */,
			);
			name = Frameworks;
			sourceTree = "<group>";
		};
/* End PBXGroup section */

/* Begin PBXNativeTarget section */
		3645CD6526B311ED0056F604 /* Music2 */ = {
			isa = PBXNativeTarget;
			buildConfigurationList = 3645CD9326B311EE0056F604 /* Build configuration list for PBXNativeTarget "Music2" */;
			buildPhases = (
				AE1B73EBA49556596EC8DBF1 /* [CP] Check Pods Manifest.lock */,
				3645CD6226B311ED0056F604 /* Sources */,
				3645CD6326B311ED0056F604 /* Frameworks */,
				3645CD6426B311ED0056F604 /* Resources */,
			);
			buildRules = (
			);
			dependencies = (
			);
			name = Music2;
			productName = Music2;
			productReference = 3645CD6626B311ED0056F604 /* Music2.app */;
			productType = "com.apple.product-type.application";
		};
		3645CD7E26B311EE0056F604 /* Music2Tests */ = {
			isa = PBXNativeTarget;
			buildConfigurationList = 3645CD9626B311EE0056F604 /* Build configuration list for PBXNativeTarget "Music2Tests" */;
			buildPhases = (
				39DEA12E7838903A834AD857 /* [CP] Check Pods Manifest.lock */,
				3645CD7B26B311EE0056F604 /* Sources */,
				3645CD7C26B311EE0056F604 /* Frameworks */,
				3645CD7D26B311EE0056F604 /* Resources */,
			);
			buildRules = (
			);
			dependencies = (
				3645CD8126B311EE0056F604 /* PBXTargetDependency */,
			);
			name = Music2Tests;
			productName = Music2Tests;
			productReference = 3645CD7F26B311EE0056F604 /* Music2Tests.xctest */;
			productType = "com.apple.product-type.bundle.unit-test";
		};
		3645CD8926B311EE0056F604 /* Music2UITests */ = {
			isa = PBXNativeTarget;
			buildConfigurationList = 3645CD9926B311EE0056F604 /* Build configuration list for PBXNativeTarget "Music2UITests" */;
			buildPhases = (
				6EF647B81AF170BC29EB1789 /* [CP] Check Pods Manifest.lock */,
				3645CD8626B311EE0056F604 /* Sources */,
				3645CD8726B311EE0056F604 /* Frameworks */,
				3645CD8826B311EE0056F604 /* Resources */,
			);
			buildRules = (
			);
			dependencies = (
				3645CD8C26B311EE0056F604 /* PBXTargetDependency */,
			);
			name = Music2UITests;
			productName = Music2UITests;
			productReference = 3645CD8A26B311EE0056F604 /* Music2UITests.xctest */;
			productType = "com.apple.product-type.bundle.ui-testing";
		};
/* End PBXNativeTarget section */

/* Begin PBXProject section */
		3645CD5E26B311ED0056F604 /* Project object */ = {
			isa = PBXProject;
			attributes = {
				LastSwiftUpdateCheck = 1250;
				LastUpgradeCheck = 1250;
				TargetAttributes = {
					3645CD6526B311ED0056F604 = {
						CreatedOnToolsVersion = 12.5.1;
					};
					3645CD7E26B311EE0056F604 = {
						CreatedOnToolsVersion = 12.5.1;
						TestTargetID = 3645CD6526B311ED0056F604;
					};
					3645CD8926B311EE0056F604 = {
						CreatedOnToolsVersion = 12.5.1;
						TestTargetID = 3645CD6526B311ED0056F604;
					};
				};
			};
			buildConfigurationList = 3645CD6126B311ED0056F604 /* Build configuration list for PBXProject "Music2" */;
			compatibilityVersion = "Xcode 9.3";
			developmentRegion = en;
			hasScannedForEncodings = 0;
			knownRegions = (
				en,
				Base,
			);
			mainGroup = 3645CD5D26B311ED0056F604;
			productRefGroup = 3645CD6726B311ED0056F604 /* Products */;
			projectDirPath = "";
			projectRoot = "";
			targets = (
				3645CD6526B311ED0056F604 /* Music2 */,
				3645CD7E26B311EE0056F604 /* Music2Tests */,
				3645CD8926B311EE0056F604 /* Music2UITests */,
			);
		};
/* End PBXProject section */

/* Begin PBXResourcesBuildPhase section */
		3645CD6426B311ED0056F604 /* Resources */ = {
			isa = PBXResourcesBuildPhase;
			buildActionMask = 2147483647;
			files = (
				3645CD7926B311EE0056F604 /* LaunchScreen.storyboard in Resources */,
				3645CD7626B311EE0056F604 /* Assets.xcassets in Resources */,
			);
			runOnlyForDeploymentPostprocessing = 0;
		};
		3645CD7D26B311EE0056F604 /* Resources */ = {
			isa = PBXResourcesBuildPhase;
			buildActionMask = 2147483647;
			files = (
			);
			runOnlyForDeploymentPostprocessing = 0;
		};
		3645CD8826B311EE0056F604 /* Resources */ = {
			isa = PBXResourcesBuildPhase;
			buildActionMask = 2147483647;
			files = (
			);
			runOnlyForDeploymentPostprocessing = 0;
		};
/* End PBXResourcesBuildPhase section */

/* Begin PBXShellScriptBuildPhase section */
		39DEA12E7838903A834AD857 /* [CP] Check Pods Manifest.lock */ = {
			isa = PBXShellScriptBuildPhase;
			buildActionMask = 2147483647;
			files = (
			);
			inputFileListPaths = (
			);
			inputPaths = (
				"${PODS_PODFILE_DIR_PATH}/Podfile.lock",
				"${PODS_ROOT}/Manifest.lock",
			);
			name = "[CP] Check Pods Manifest.lock";
			outputFileListPaths = (
			);
			outputPaths = (
				"$(DERIVED_FILE_DIR)/Pods-Music2Tests-checkManifestLockResult.txt",
			);
			runOnlyForDeploymentPostprocessing = 0;
			shellPath = /bin/sh;
			shellScript = "diff \"${PODS_PODFILE_DIR_PATH}/Podfile.lock\" \"${PODS_ROOT}/Manifest.lock\" > /dev/null\nif [ $? != 0 ] ; then\n    # print error to STDERR\n    echo \"error: The sandbox is not in sync with the Podfile.lock. Run 'pod install' or update your CocoaPods installation.\" >&2\n    exit 1\nfi\n# This output is used by Xcode 'outputs' to avoid re-running this script phase.\necho \"SUCCESS\" > \"${SCRIPT_OUTPUT_FILE_0}\"\n";
			showEnvVarsInLog = 0;
		};
		6EF647B81AF170BC29EB1789 /* [CP] Check Pods Manifest.lock */ = {
			isa = PBXShellScriptBuildPhase;
			buildActionMask = 2147483647;
			files = (
			);
			inputFileListPaths = (
			);
			inputPaths = (
				"${PODS_PODFILE_DIR_PATH}/Podfile.lock",
				"${PODS_ROOT}/Manifest.lock",
			);
			name = "[CP] Check Pods Manifest.lock";
			outputFileListPaths = (
			);
			outputPaths = (
				"$(DERIVED_FILE_DIR)/Pods-Music2-Music2UITests-checkManifestLockResult.txt",
			);
			runOnlyForDeploymentPostprocessing = 0;
			shellPath = /bin/sh;
			shellScript = "diff \"${PODS_PODFILE_DIR_PATH}/Podfile.lock\" \"${PODS_ROOT}/Manifest.lock\" > /dev/null\nif [ $? != 0 ] ; then\n    # print error to STDERR\n    echo \"error: The sandbox is not in sync with the Podfile.lock. Run 'pod install' or update your CocoaPods installation.\" >&2\n    exit 1\nfi\n# This output is used by Xcode 'outputs' to avoid re-running this script phase.\necho \"SUCCESS\" > \"${SCRIPT_OUTPUT_FILE_0}\"\n";
			showEnvVarsInLog = 0;
		};
		AE1B73EBA49556596EC8DBF1 /* [CP] Check Pods Manifest.lock */ = {
			isa = PBXShellScriptBuildPhase;
			buildActionMask = 2147483647;
			files = (
			);
			inputFileListPaths = (
			);
			inputPaths = (
				"${PODS_PODFILE_DIR_PATH}/Podfile.lock",
				"${PODS_ROOT}/Manifest.lock",
			);
			name = "[CP] Check Pods Manifest.lock";
			outputFileListPaths = (
			);
			outputPaths = (
				"$(DERIVED_FILE_DIR)/Pods-Music2-checkManifestLockResult.txt",
			);
			runOnlyForDeploymentPostprocessing = 0;
			shellPath = /bin/sh;
			shellScript = "diff \"${PODS_PODFILE_DIR_PATH}/Podfile.lock\" \"${PODS_ROOT}/Manifest.lock\" > /dev/null\nif [ $? != 0 ] ; then\n    # print error to STDERR\n    echo \"error: The sandbox is not in sync with the Podfile.lock. Run 'pod install' or update your CocoaPods installation.\" >&2\n    exit 1\nfi\n# This output is used by Xcode 'outputs' to avoid re-running this script phase.\necho \"SUCCESS\" > \"${SCRIPT_OUTPUT_FILE_0}\"\n";
			showEnvVarsInLog = 0;
		};
/* End PBXShellScriptBuildPhase section */

/* Begin PBXSourcesBuildPhase section */
		3645CD6226B311ED0056F604 /* Sources */ = {
			isa = PBXSourcesBuildPhase;
			buildActionMask = 2147483647;
			files = (
				3649757C26BC810700440985 /* RecommendedGenresResponse.swift in Sources */,
				3645CD6E26B311ED0056F604 /* HomeViewController.swift in Sources */,
				3638225526BAFA6C005B2D1C /* WelcomeViewController.swift in Sources */,
				3627AFCF26BDDA1000060E65 /* NewReleasesCellViewModel.swift in Sources */,
				36B6E44526BC3DF9005B164B /* UIViewController+alert.swift in Sources */,
				3638225726BAFA85005B2D1C /* SettingsViewController.swift in Sources */,
				3649757E26BC848200440985 /* RecommendationResponse.swift in Sources */,
				3638226C26BB03CA005B2D1C /* APICaller.swift in Sources */,
				3627AFCD26BDD2AF00060E65 /* RecommendedTrackCollectionViewCell.swift in Sources */,
				3638225D26BAFAE6005B2D1C /* PlayerViewController.swift in Sources */,
				3638224C26BAF976005B2D1C /* SearchViewController.swift in Sources */,
				3627AFE026BE13B000060E65 /* PlaylistHeaderViewViewModel.swift in Sources */,
				3627AFE426BE1FCB00060E65 /* PlaylistCellViewModel.swift in Sources */,
				3638225B26BAFADB005B2D1C /* PlaylistViewController.swift in Sources */,
				36B6E44226BC3406005B164B /* SettingsModels.swift in Sources */,
				3627AFE226BE1E9700060E65 /* PlaylistCollectionViewCell.swift in Sources */,
				3638224E26BAF992005B2D1C /* LibraryViewController.swift in Sources */,
				3638226426BAFBC1005B2D1C /* AudioTrack.swift in Sources */,
				3627AFD626BDF9CB00060E65 /* AlbumViewController.swift in Sources */,
				3638227426BB0AA9005B2D1C /* UIView+layout.swift in Sources */,
				3627AFDA26BE036200060E65 /* PlaylistDetailsResponse.swift in Sources */,
				3649757726BC7A9500440985 /* FeaturedPlaylistsResponse.swift in Sources */,
				3638226E26BB03D8005B2D1C /* HapticsManager.swift in Sources */,
				3627AFCB26BDD28400060E65 /* FeaturedPlaylistCollectionViewCell.swift in Sources */,
				3627AFC926BDD23F00060E65 /* NewReleaseCollectionViewCell.swift in Sources */,
				3638225F26BAFB05005B2D1C /* SearchResultViewController.swift in Sources */,
				36B6E44026BC25FB005B164B /* User.swift in Sources */,
				3638224A26BAF957005B2D1C /* NavigationController.swift in Sources */,
				3638225926BAFA9E005B2D1C /* ProfileViewController.swift in Sources */,
				3649757326BC75C100440985 /* NewReleasesResponse.swift in Sources */,
				3645CD6A26B311ED0056F604 /* AppDelegate.swift in Sources */,
				3627AFD226BDE1CD00060E65 /* FeaturedPlaylistCellViewModel.swift in Sources */,
				3638226226BAFB93005B2D1C /* Playlist.swift in Sources */,
				3649757526BC771E00440985 /* APIImage.swift in Sources */,
				3638227126BB06C4005B2D1C /* Secret.swift in Sources */,
				3649757926BC7C1D00440985 /* Album.swift in Sources */,
				3627AFD826BE00B200060E65 /* AubumDetailsResponse.swift in Sources */,
				3645CD7426B311ED0056F604 /* Music2.xcdatamodeld in Sources */,
				3638226A26BB03BF005B2D1C /* AuthManager.swift in Sources */,
				3638224826BAF8F2005B2D1C /* TabBarController.swift in Sources */,
				3638225126BAFA1E005B2D1C /* AuthViewController.swift in Sources */,
				3638226826BAFD04005B2D1C /* UIColor+setting.swift in Sources */,
				36BFBE1226BBC0AA003C56BD /* AuthResponse.swift in Sources */,
				3627AFD426BDE1DE00060E65 /* RecommendedTrackCellViewModel.swift in Sources */,
				36B6E43E26BC25B0005B164B /* Artist.swift in Sources */,
				3627AFDD26BE117300060E65 /* PlaylistHeaderCollectionReusableView.swift in Sources */,
				3645CD6C26B311ED0056F604 /* SceneDelegate.swift in Sources */,
			);
			runOnlyForDeploymentPostprocessing = 0;
		};
		3645CD7B26B311EE0056F604 /* Sources */ = {
			isa = PBXSourcesBuildPhase;
			buildActionMask = 2147483647;
			files = (
				3645CD8426B311EE0056F604 /* Music2Tests.swift in Sources */,
			);
			runOnlyForDeploymentPostprocessing = 0;
		};
		3645CD8626B311EE0056F604 /* Sources */ = {
			isa = PBXSourcesBuildPhase;
			buildActionMask = 2147483647;
			files = (
				3645CD8F26B311EE0056F604 /* Music2UITests.swift in Sources */,
			);
			runOnlyForDeploymentPostprocessing = 0;
		};
/* End PBXSourcesBuildPhase section */

/* Begin PBXTargetDependency section */
		3645CD8126B311EE0056F604 /* PBXTargetDependency */ = {
			isa = PBXTargetDependency;
			target = 3645CD6526B311ED0056F604 /* Music2 */;
			targetProxy = 3645CD8026B311EE0056F604 /* PBXContainerItemProxy */;
		};
		3645CD8C26B311EE0056F604 /* PBXTargetDependency */ = {
			isa = PBXTargetDependency;
			target = 3645CD6526B311ED0056F604 /* Music2 */;
			targetProxy = 3645CD8B26B311EE0056F604 /* PBXContainerItemProxy */;
		};
/* End PBXTargetDependency section */

/* Begin PBXVariantGroup section */
		3645CD7726B311EE0056F604 /* LaunchScreen.storyboard */ = {
			isa = PBXVariantGroup;
			children = (
				3645CD7826B311EE0056F604 /* Base */,
			);
			name = LaunchScreen.storyboard;
			sourceTree = "<group>";
		};
/* End PBXVariantGroup section */

/* Begin XCBuildConfiguration section */
		3645CD9126B311EE0056F604 /* Debug */ = {
			isa = XCBuildConfiguration;
			buildSettings = {
				ALWAYS_SEARCH_USER_PATHS = NO;
				CLANG_ANALYZER_NONNULL = YES;
				CLANG_ANALYZER_NUMBER_OBJECT_CONVERSION = YES_AGGRESSIVE;
				CLANG_CXX_LANGUAGE_STANDARD = "gnu++14";
				CLANG_CXX_LIBRARY = "libc++";
				CLANG_ENABLE_MODULES = YES;
				CLANG_ENABLE_OBJC_ARC = YES;
				CLANG_ENABLE_OBJC_WEAK = YES;
				CLANG_WARN_BLOCK_CAPTURE_AUTORELEASING = YES;
				CLANG_WARN_BOOL_CONVERSION = YES;
				CLANG_WARN_COMMA = YES;
				CLANG_WARN_CONSTANT_CONVERSION = YES;
				CLANG_WARN_DEPRECATED_OBJC_IMPLEMENTATIONS = YES;
				CLANG_WARN_DIRECT_OBJC_ISA_USAGE = YES_ERROR;
				CLANG_WARN_DOCUMENTATION_COMMENTS = YES;
				CLANG_WARN_EMPTY_BODY = YES;
				CLANG_WARN_ENUM_CONVERSION = YES;
				CLANG_WARN_INFINITE_RECURSION = YES;
				CLANG_WARN_INT_CONVERSION = YES;
				CLANG_WARN_NON_LITERAL_NULL_CONVERSION = YES;
				CLANG_WARN_OBJC_IMPLICIT_RETAIN_SELF = YES;
				CLANG_WARN_OBJC_LITERAL_CONVERSION = YES;
				CLANG_WARN_OBJC_ROOT_CLASS = YES_ERROR;
				CLANG_WARN_QUOTED_INCLUDE_IN_FRAMEWORK_HEADER = YES;
				CLANG_WARN_RANGE_LOOP_ANALYSIS = YES;
				CLANG_WARN_STRICT_PROTOTYPES = YES;
				CLANG_WARN_SUSPICIOUS_MOVE = YES;
				CLANG_WARN_UNGUARDED_AVAILABILITY = YES_AGGRESSIVE;
				CLANG_WARN_UNREACHABLE_CODE = YES;
				CLANG_WARN__DUPLICATE_METHOD_MATCH = YES;
				COPY_PHASE_STRIP = NO;
				DEBUG_INFORMATION_FORMAT = dwarf;
				ENABLE_STRICT_OBJC_MSGSEND = YES;
				ENABLE_TESTABILITY = YES;
				GCC_C_LANGUAGE_STANDARD = gnu11;
				GCC_DYNAMIC_NO_PIC = NO;
				GCC_NO_COMMON_BLOCKS = YES;
				GCC_OPTIMIZATION_LEVEL = 0;
				GCC_PREPROCESSOR_DEFINITIONS = (
					"DEBUG=1",
					"$(inherited)",
				);
				GCC_WARN_64_TO_32_BIT_CONVERSION = YES;
				GCC_WARN_ABOUT_RETURN_TYPE = YES_ERROR;
				GCC_WARN_UNDECLARED_SELECTOR = YES;
				GCC_WARN_UNINITIALIZED_AUTOS = YES_AGGRESSIVE;
				GCC_WARN_UNUSED_FUNCTION = YES;
				GCC_WARN_UNUSED_VARIABLE = YES;
				IPHONEOS_DEPLOYMENT_TARGET = 14.5;
				MTL_ENABLE_DEBUG_INFO = INCLUDE_SOURCE;
				MTL_FAST_MATH = YES;
				ONLY_ACTIVE_ARCH = YES;
				SDKROOT = iphoneos;
				SWIFT_ACTIVE_COMPILATION_CONDITIONS = DEBUG;
				SWIFT_OPTIMIZATION_LEVEL = "-Onone";
			};
			name = Debug;
		};
		3645CD9226B311EE0056F604 /* Release */ = {
			isa = XCBuildConfiguration;
			buildSettings = {
				ALWAYS_SEARCH_USER_PATHS = NO;
				CLANG_ANALYZER_NONNULL = YES;
				CLANG_ANALYZER_NUMBER_OBJECT_CONVERSION = YES_AGGRESSIVE;
				CLANG_CXX_LANGUAGE_STANDARD = "gnu++14";
				CLANG_CXX_LIBRARY = "libc++";
				CLANG_ENABLE_MODULES = YES;
				CLANG_ENABLE_OBJC_ARC = YES;
				CLANG_ENABLE_OBJC_WEAK = YES;
				CLANG_WARN_BLOCK_CAPTURE_AUTORELEASING = YES;
				CLANG_WARN_BOOL_CONVERSION = YES;
				CLANG_WARN_COMMA = YES;
				CLANG_WARN_CONSTANT_CONVERSION = YES;
				CLANG_WARN_DEPRECATED_OBJC_IMPLEMENTATIONS = YES;
				CLANG_WARN_DIRECT_OBJC_ISA_USAGE = YES_ERROR;
				CLANG_WARN_DOCUMENTATION_COMMENTS = YES;
				CLANG_WARN_EMPTY_BODY = YES;
				CLANG_WARN_ENUM_CONVERSION = YES;
				CLANG_WARN_INFINITE_RECURSION = YES;
				CLANG_WARN_INT_CONVERSION = YES;
				CLANG_WARN_NON_LITERAL_NULL_CONVERSION = YES;
				CLANG_WARN_OBJC_IMPLICIT_RETAIN_SELF = YES;
				CLANG_WARN_OBJC_LITERAL_CONVERSION = YES;
				CLANG_WARN_OBJC_ROOT_CLASS = YES_ERROR;
				CLANG_WARN_QUOTED_INCLUDE_IN_FRAMEWORK_HEADER = YES;
				CLANG_WARN_RANGE_LOOP_ANALYSIS = YES;
				CLANG_WARN_STRICT_PROTOTYPES = YES;
				CLANG_WARN_SUSPICIOUS_MOVE = YES;
				CLANG_WARN_UNGUARDED_AVAILABILITY = YES_AGGRESSIVE;
				CLANG_WARN_UNREACHABLE_CODE = YES;
				CLANG_WARN__DUPLICATE_METHOD_MATCH = YES;
				COPY_PHASE_STRIP = NO;
				DEBUG_INFORMATION_FORMAT = "dwarf-with-dsym";
				ENABLE_NS_ASSERTIONS = NO;
				ENABLE_STRICT_OBJC_MSGSEND = YES;
				GCC_C_LANGUAGE_STANDARD = gnu11;
				GCC_NO_COMMON_BLOCKS = YES;
				GCC_WARN_64_TO_32_BIT_CONVERSION = YES;
				GCC_WARN_ABOUT_RETURN_TYPE = YES_ERROR;
				GCC_WARN_UNDECLARED_SELECTOR = YES;
				GCC_WARN_UNINITIALIZED_AUTOS = YES_AGGRESSIVE;
				GCC_WARN_UNUSED_FUNCTION = YES;
				GCC_WARN_UNUSED_VARIABLE = YES;
				IPHONEOS_DEPLOYMENT_TARGET = 14.5;
				MTL_ENABLE_DEBUG_INFO = NO;
				MTL_FAST_MATH = YES;
				SDKROOT = iphoneos;
				SWIFT_COMPILATION_MODE = wholemodule;
				SWIFT_OPTIMIZATION_LEVEL = "-O";
				VALIDATE_PRODUCT = YES;
			};
			name = Release;
		};
		3645CD9426B311EE0056F604 /* Debug */ = {
			isa = XCBuildConfiguration;
			baseConfigurationReference = 1DD7646E477D2A9F102E61D9 /* Pods-Music2.debug.xcconfig */;
			buildSettings = {
				ASSETCATALOG_COMPILER_APPICON_NAME = AppIcon;
				ASSETCATALOG_COMPILER_GLOBAL_ACCENT_COLOR_NAME = AccentColor;
				CODE_SIGN_STYLE = Automatic;
				DEVELOPMENT_TEAM = QJRD886PU2;
				INFOPLIST_FILE = Music2/Info.plist;
				LD_RUNPATH_SEARCH_PATHS = (
					"$(inherited)",
					"@executable_path/Frameworks",
				);
				PRODUCT_BUNDLE_IDENTIFIER = com.hshotaro9.Music2;
				PRODUCT_NAME = "$(TARGET_NAME)";
				SWIFT_VERSION = 5.0;
				TARGETED_DEVICE_FAMILY = "1,2";
			};
			name = Debug;
		};
		3645CD9526B311EE0056F604 /* Release */ = {
			isa = XCBuildConfiguration;
			baseConfigurationReference = A5335B3FB9110343BF64BEEC /* Pods-Music2.release.xcconfig */;
			buildSettings = {
				ASSETCATALOG_COMPILER_APPICON_NAME = AppIcon;
				ASSETCATALOG_COMPILER_GLOBAL_ACCENT_COLOR_NAME = AccentColor;
				CODE_SIGN_STYLE = Automatic;
				DEVELOPMENT_TEAM = QJRD886PU2;
				INFOPLIST_FILE = Music2/Info.plist;
				LD_RUNPATH_SEARCH_PATHS = (
					"$(inherited)",
					"@executable_path/Frameworks",
				);
				PRODUCT_BUNDLE_IDENTIFIER = com.hshotaro9.Music2;
				PRODUCT_NAME = "$(TARGET_NAME)";
				SWIFT_VERSION = 5.0;
				TARGETED_DEVICE_FAMILY = "1,2";
			};
			name = Release;
		};
		3645CD9726B311EE0056F604 /* Debug */ = {
			isa = XCBuildConfiguration;
			baseConfigurationReference = 25777BA7155B196FCFEE5DD4 /* Pods-Music2Tests.debug.xcconfig */;
			buildSettings = {
				ALWAYS_EMBED_SWIFT_STANDARD_LIBRARIES = YES;
				BUNDLE_LOADER = "$(TEST_HOST)";
				CODE_SIGN_STYLE = Automatic;
				DEVELOPMENT_TEAM = QJRD886PU2;
				INFOPLIST_FILE = Music2Tests/Info.plist;
				IPHONEOS_DEPLOYMENT_TARGET = 14.5;
				LD_RUNPATH_SEARCH_PATHS = (
					"$(inherited)",
					"@executable_path/Frameworks",
					"@loader_path/Frameworks",
				);
				PRODUCT_BUNDLE_IDENTIFIER = com.hshotaro9.Music.Music.Music2Tests;
				PRODUCT_NAME = "$(TARGET_NAME)";
				SWIFT_VERSION = 5.0;
				TARGETED_DEVICE_FAMILY = "1,2";
				TEST_HOST = "$(BUILT_PRODUCTS_DIR)/Music2.app/Music2";
			};
			name = Debug;
		};
		3645CD9826B311EE0056F604 /* Release */ = {
			isa = XCBuildConfiguration;
			baseConfigurationReference = A6A8A01C5308CE95D3ECAD5D /* Pods-Music2Tests.release.xcconfig */;
			buildSettings = {
				ALWAYS_EMBED_SWIFT_STANDARD_LIBRARIES = YES;
				BUNDLE_LOADER = "$(TEST_HOST)";
				CODE_SIGN_STYLE = Automatic;
				DEVELOPMENT_TEAM = QJRD886PU2;
				INFOPLIST_FILE = Music2Tests/Info.plist;
				IPHONEOS_DEPLOYMENT_TARGET = 14.5;
				LD_RUNPATH_SEARCH_PATHS = (
					"$(inherited)",
					"@executable_path/Frameworks",
					"@loader_path/Frameworks",
				);
				PRODUCT_BUNDLE_IDENTIFIER = com.hshotaro9.Music.Music.Music2Tests;
				PRODUCT_NAME = "$(TARGET_NAME)";
				SWIFT_VERSION = 5.0;
				TARGETED_DEVICE_FAMILY = "1,2";
				TEST_HOST = "$(BUILT_PRODUCTS_DIR)/Music2.app/Music2";
			};
			name = Release;
		};
		3645CD9A26B311EE0056F604 /* Debug */ = {
			isa = XCBuildConfiguration;
			baseConfigurationReference = 57655E126C51348CE731F7D1 /* Pods-Music2-Music2UITests.debug.xcconfig */;
			buildSettings = {
				ALWAYS_EMBED_SWIFT_STANDARD_LIBRARIES = YES;
				CODE_SIGN_STYLE = Automatic;
				DEVELOPMENT_TEAM = QJRD886PU2;
				INFOPLIST_FILE = Music2UITests/Info.plist;
				LD_RUNPATH_SEARCH_PATHS = (
					"$(inherited)",
					"@executable_path/Frameworks",
					"@loader_path/Frameworks",
				);
				PRODUCT_BUNDLE_IDENTIFIER = com.hshotaro9.Music.Music.Music2UITests;
				PRODUCT_NAME = "$(TARGET_NAME)";
				SWIFT_VERSION = 5.0;
				TARGETED_DEVICE_FAMILY = "1,2";
				TEST_TARGET_NAME = Music2;
			};
			name = Debug;
		};
		3645CD9B26B311EE0056F604 /* Release */ = {
			isa = XCBuildConfiguration;
			baseConfigurationReference = EEE60D16203B55472D971371 /* Pods-Music2-Music2UITests.release.xcconfig */;
			buildSettings = {
				ALWAYS_EMBED_SWIFT_STANDARD_LIBRARIES = YES;
				CODE_SIGN_STYLE = Automatic;
				DEVELOPMENT_TEAM = QJRD886PU2;
				INFOPLIST_FILE = Music2UITests/Info.plist;
				LD_RUNPATH_SEARCH_PATHS = (
					"$(inherited)",
					"@executable_path/Frameworks",
					"@loader_path/Frameworks",
				);
				PRODUCT_BUNDLE_IDENTIFIER = com.hshotaro9.Music.Music.Music2UITests;
				PRODUCT_NAME = "$(TARGET_NAME)";
				SWIFT_VERSION = 5.0;
				TARGETED_DEVICE_FAMILY = "1,2";
				TEST_TARGET_NAME = Music2;
			};
			name = Release;
		};
/* End XCBuildConfiguration section */

/* Begin XCConfigurationList section */
		3645CD6126B311ED0056F604 /* Build configuration list for PBXProject "Music2" */ = {
			isa = XCConfigurationList;
			buildConfigurations = (
				3645CD9126B311EE0056F604 /* Debug */,
				3645CD9226B311EE0056F604 /* Release */,
			);
			defaultConfigurationIsVisible = 0;
			defaultConfigurationName = Release;
		};
		3645CD9326B311EE0056F604 /* Build configuration list for PBXNativeTarget "Music2" */ = {
			isa = XCConfigurationList;
			buildConfigurations = (
				3645CD9426B311EE0056F604 /* Debug */,
				3645CD9526B311EE0056F604 /* Release */,
			);
			defaultConfigurationIsVisible = 0;
			defaultConfigurationName = Release;
		};
		3645CD9626B311EE0056F604 /* Build configuration list for PBXNativeTarget "Music2Tests" */ = {
			isa = XCConfigurationList;
			buildConfigurations = (
				3645CD9726B311EE0056F604 /* Debug */,
				3645CD9826B311EE0056F604 /* Release */,
			);
			defaultConfigurationIsVisible = 0;
			defaultConfigurationName = Release;
		};
		3645CD9926B311EE0056F604 /* Build configuration list for PBXNativeTarget "Music2UITests" */ = {
			isa = XCConfigurationList;
			buildConfigurations = (
				3645CD9A26B311EE0056F604 /* Debug */,
				3645CD9B26B311EE0056F604 /* Release */,
			);
			defaultConfigurationIsVisible = 0;
			defaultConfigurationName = Release;
		};
/* End XCConfigurationList section */

/* Begin XCVersionGroup section */
		3645CD7226B311ED0056F604 /* Music2.xcdatamodeld */ = {
			isa = XCVersionGroup;
			children = (
				3645CD7326B311ED0056F604 /* Music2.xcdatamodel */,
			);
			currentVersion = 3645CD7326B311ED0056F604 /* Music2.xcdatamodel */;
			path = Music2.xcdatamodeld;
			sourceTree = "<group>";
			versionGroupType = wrapper.xcdatamodel;
		};
/* End XCVersionGroup section */
	};
	rootObject = 3645CD5E26B311ED0056F604 /* Project object */;
}
